// !$*UTF8*$!
{
	archiveVersion = 1;
	classes = {
	};
	objectVersion = 55;
	objects = {

/* Begin PBXBuildFile section */
		38CAD42128C5BA2800150BA6 /* test_ios_appApp.swift in Sources */ = {isa = PBXBuildFile; fileRef = 38CAD42028C5BA2800150BA6 /* test_ios_appApp.swift */; };
		38CAD42328C5BA2800150BA6 /* ContentView.swift in Sources */ = {isa = PBXBuildFile; fileRef = 38CAD42228C5BA2800150BA6 /* ContentView.swift */; };
		38CAD42528C5BA2B00150BA6 /* Assets.xcassets in Resources */ = {isa = PBXBuildFile; fileRef = 38CAD42428C5BA2B00150BA6 /* Assets.xcassets */; };
		38CAD42828C5BA2B00150BA6 /* Preview Assets.xcassets in Resources */ = {isa = PBXBuildFile; fileRef = 38CAD42728C5BA2B00150BA6 /* Preview Assets.xcassets */; };
		38CAD44E28C5CB6500150BA6 /* libresolv.tbd in Frameworks */ = {isa = PBXBuildFile; fileRef = 38CAD44D28C5CB5C00150BA6 /* libresolv.tbd */; };
		38CAD45128C5CCF800150BA6 /* TestGlueInterface.swift in Sources */ = {isa = PBXBuildFile; fileRef = 38CAD45028C5CCF800150BA6 /* TestGlueInterface.swift */; };
		38CAD45328C5CF6400150BA6 /* libtestglue.a in Frameworks */ = {isa = PBXBuildFile; fileRef = 38CAD45228C5CF5500150BA6 /* libtestglue.a */; };
/* End PBXBuildFile section */

/* Begin PBXContainerItemProxy section */
		38CAD42E28C5BA2B00150BA6 /* PBXContainerItemProxy */ = {
			isa = PBXContainerItemProxy;
			containerPortal = 38CAD41528C5BA2800150BA6 /* Project object */;
			proxyType = 1;
			remoteGlobalIDString = 38CAD41C28C5BA2800150BA6;
			remoteInfo = "test-ios-app";
		};
		38CAD43828C5BA2B00150BA6 /* PBXContainerItemProxy */ = {
			isa = PBXContainerItemProxy;
			containerPortal = 38CAD41528C5BA2800150BA6 /* Project object */;
			proxyType = 1;
			remoteGlobalIDString = 38CAD41C28C5BA2800150BA6;
			remoteInfo = "test-ios-app";
		};
/* End PBXContainerItemProxy section */

/* Begin PBXFileReference section */
		38CAD41D28C5BA2800150BA6 /* test-ios-app.app */ = {isa = PBXFileReference; explicitFileType = wrapper.application; includeInIndex = 0; path = "test-ios-app.app"; sourceTree = BUILT_PRODUCTS_DIR; };
		38CAD42028C5BA2800150BA6 /* test_ios_appApp.swift */ = {isa = PBXFileReference; lastKnownFileType = sourcecode.swift; path = test_ios_appApp.swift; sourceTree = "<group>"; };
		38CAD42228C5BA2800150BA6 /* ContentView.swift */ = {isa = PBXFileReference; lastKnownFileType = sourcecode.swift; path = ContentView.swift; sourceTree = "<group>"; };
		38CAD42428C5BA2B00150BA6 /* Assets.xcassets */ = {isa = PBXFileReference; lastKnownFileType = folder.assetcatalog; path = Assets.xcassets; sourceTree = "<group>"; };
		38CAD42728C5BA2B00150BA6 /* Preview Assets.xcassets */ = {isa = PBXFileReference; lastKnownFileType = folder.assetcatalog; path = "Preview Assets.xcassets"; sourceTree = "<group>"; };
		38CAD42D28C5BA2B00150BA6 /* test-ios-appTests.xctest */ = {isa = PBXFileReference; explicitFileType = wrapper.cfbundle; includeInIndex = 0; path = "test-ios-appTests.xctest"; sourceTree = BUILT_PRODUCTS_DIR; };
		38CAD43728C5BA2B00150BA6 /* test-ios-appUITests.xctest */ = {isa = PBXFileReference; explicitFileType = wrapper.cfbundle; includeInIndex = 0; path = "test-ios-appUITests.xctest"; sourceTree = BUILT_PRODUCTS_DIR; };
		38CAD44B28C5CB0800150BA6 /* libtestglue.a */ = {isa = PBXFileReference; lastKnownFileType = archive.ar; name = libtestglue.a; path = testglue/target/target/debug/libtestglue.a; sourceTree = "<group>"; };
		38CAD44D28C5CB5C00150BA6 /* libresolv.tbd */ = {isa = PBXFileReference; lastKnownFileType = "sourcecode.text-based-dylib-definition"; name = libresolv.tbd; path = usr/lib/libresolv.tbd; sourceTree = SDKROOT; };
		38CAD44F28C5CBE800150BA6 /* Test-Glue-Header.h */ = {isa = PBXFileReference; lastKnownFileType = sourcecode.c.h; path = "Test-Glue-Header.h"; sourceTree = "<group>"; };
		38CAD45028C5CCF800150BA6 /* TestGlueInterface.swift */ = {isa = PBXFileReference; lastKnownFileType = sourcecode.swift; path = TestGlueInterface.swift; sourceTree = "<group>"; };
		38CAD45228C5CF5500150BA6 /* libtestglue.a */ = {isa = PBXFileReference; lastKnownFileType = archive.ar; name = libtestglue.a; path = testglue/target/target/debug/libtestglue.a; sourceTree = "<group>"; };
/* End PBXFileReference section */

/* Begin PBXFrameworksBuildPhase section */
		38CAD41A28C5BA2800150BA6 /* Frameworks */ = {
			isa = PBXFrameworksBuildPhase;
			buildActionMask = 2147483647;
			files = (
				38CAD45328C5CF6400150BA6 /* libtestglue.a in Frameworks */,
				38CAD44E28C5CB6500150BA6 /* libresolv.tbd in Frameworks */,
			);
			runOnlyForDeploymentPostprocessing = 0;
		};
		38CAD42A28C5BA2B00150BA6 /* Frameworks */ = {
			isa = PBXFrameworksBuildPhase;
			buildActionMask = 2147483647;
			files = (
			);
			runOnlyForDeploymentPostprocessing = 0;
		};
		38CAD43428C5BA2B00150BA6 /* Frameworks */ = {
			isa = PBXFrameworksBuildPhase;
			buildActionMask = 2147483647;
			files = (
			);
			runOnlyForDeploymentPostprocessing = 0;
		};
/* End PBXFrameworksBuildPhase section */

/* Begin PBXGroup section */
		38CAD41428C5BA2800150BA6 = {
			isa = PBXGroup;
			children = (
				38CAD41F28C5BA2800150BA6 /* test-ios-app */,
				38CAD41E28C5BA2800150BA6 /* Products */,
				38CAD44A28C5CB0800150BA6 /* Frameworks */,
			);
			sourceTree = "<group>";
		};
		38CAD41E28C5BA2800150BA6 /* Products */ = {
			isa = PBXGroup;
			children = (
				38CAD41D28C5BA2800150BA6 /* test-ios-app.app */,
				38CAD42D28C5BA2B00150BA6 /* test-ios-appTests.xctest */,
				38CAD43728C5BA2B00150BA6 /* test-ios-appUITests.xctest */,
			);
			name = Products;
			sourceTree = "<group>";
		};
		38CAD41F28C5BA2800150BA6 /* test-ios-app */ = {
			isa = PBXGroup;
			children = (
				38CAD45028C5CCF800150BA6 /* TestGlueInterface.swift */,
				38CAD42028C5BA2800150BA6 /* test_ios_appApp.swift */,
				38CAD42228C5BA2800150BA6 /* ContentView.swift */,
				38CAD44F28C5CBE800150BA6 /* Test-Glue-Header.h */,
				38CAD42428C5BA2B00150BA6 /* Assets.xcassets */,
				38CAD42628C5BA2B00150BA6 /* Preview Content */,
			);
			path = "test-ios-app";
			sourceTree = "<group>";
		};
		38CAD42628C5BA2B00150BA6 /* Preview Content */ = {
			isa = PBXGroup;
			children = (
				38CAD42728C5BA2B00150BA6 /* Preview Assets.xcassets */,
			);
			path = "Preview Content";
			sourceTree = "<group>";
		};
		38CAD44A28C5CB0800150BA6 /* Frameworks */ = {
			isa = PBXGroup;
			children = (
				38CAD45228C5CF5500150BA6 /* libtestglue.a */,
				38CAD44D28C5CB5C00150BA6 /* libresolv.tbd */,
				38CAD44B28C5CB0800150BA6 /* libtestglue.a */,
			);
			name = Frameworks;
			sourceTree = "<group>";
		};
/* End PBXGroup section */

/* Begin PBXNativeTarget section */
		38CAD41C28C5BA2800150BA6 /* test-ios-app */ = {
			isa = PBXNativeTarget;
			buildConfigurationList = 38CAD44128C5BA2B00150BA6 /* Build configuration list for PBXNativeTarget "test-ios-app" */;
			buildPhases = (
				38CAD41928C5BA2800150BA6 /* Sources */,
				38CAD41A28C5BA2800150BA6 /* Frameworks */,
				38CAD41B28C5BA2800150BA6 /* Resources */,
			);
			buildRules = (
			);
			dependencies = (
			);
			name = "test-ios-app";
			productName = "test-ios-app";
			productReference = 38CAD41D28C5BA2800150BA6 /* test-ios-app.app */;
			productType = "com.apple.product-type.application";
		};
		38CAD42C28C5BA2B00150BA6 /* test-ios-appTests */ = {
			isa = PBXNativeTarget;
			buildConfigurationList = 38CAD44428C5BA2B00150BA6 /* Build configuration list for PBXNativeTarget "test-ios-appTests" */;
			buildPhases = (
				38CAD42928C5BA2B00150BA6 /* Sources */,
				38CAD42A28C5BA2B00150BA6 /* Frameworks */,
				38CAD42B28C5BA2B00150BA6 /* Resources */,
			);
			buildRules = (
			);
			dependencies = (
				38CAD42F28C5BA2B00150BA6 /* PBXTargetDependency */,
			);
			name = "test-ios-appTests";
			productName = "test-ios-appTests";
			productReference = 38CAD42D28C5BA2B00150BA6 /* test-ios-appTests.xctest */;
			productType = "com.apple.product-type.bundle.unit-test";
		};
		38CAD43628C5BA2B00150BA6 /* test-ios-appUITests */ = {
			isa = PBXNativeTarget;
			buildConfigurationList = 38CAD44728C5BA2B00150BA6 /* Build configuration list for PBXNativeTarget "test-ios-appUITests" */;
			buildPhases = (
				38CAD43328C5BA2B00150BA6 /* Sources */,
				38CAD43428C5BA2B00150BA6 /* Frameworks */,
				38CAD43528C5BA2B00150BA6 /* Resources */,
			);
			buildRules = (
			);
			dependencies = (
				38CAD43928C5BA2B00150BA6 /* PBXTargetDependency */,
			);
			name = "test-ios-appUITests";
			productName = "test-ios-appUITests";
			productReference = 38CAD43728C5BA2B00150BA6 /* test-ios-appUITests.xctest */;
			productType = "com.apple.product-type.bundle.ui-testing";
		};
/* End PBXNativeTarget section */

/* Begin PBXProject section */
		38CAD41528C5BA2800150BA6 /* Project object */ = {
			isa = PBXProject;
			attributes = {
				BuildIndependentTargetsInParallel = 1;
				LastSwiftUpdateCheck = 1340;
				LastUpgradeCheck = 1340;
				TargetAttributes = {
					38CAD41C28C5BA2800150BA6 = {
						CreatedOnToolsVersion = 13.4.1;
					};
					38CAD42C28C5BA2B00150BA6 = {
						CreatedOnToolsVersion = 13.4.1;
						TestTargetID = 38CAD41C28C5BA2800150BA6;
					};
					38CAD43628C5BA2B00150BA6 = {
						CreatedOnToolsVersion = 13.4.1;
						TestTargetID = 38CAD41C28C5BA2800150BA6;
					};
				};
			};
			buildConfigurationList = 38CAD41828C5BA2800150BA6 /* Build configuration list for PBXProject "test-ios-app" */;
			compatibilityVersion = "Xcode 13.0";
			developmentRegion = en;
			hasScannedForEncodings = 0;
			knownRegions = (
				en,
				Base,
			);
			mainGroup = 38CAD41428C5BA2800150BA6;
			productRefGroup = 38CAD41E28C5BA2800150BA6 /* Products */;
			projectDirPath = "";
			projectRoot = "";
			targets = (
				38CAD41C28C5BA2800150BA6 /* test-ios-app */,
				38CAD42C28C5BA2B00150BA6 /* test-ios-appTests */,
				38CAD43628C5BA2B00150BA6 /* test-ios-appUITests */,
			);
		};
/* End PBXProject section */

/* Begin PBXResourcesBuildPhase section */
		38CAD41B28C5BA2800150BA6 /* Resources */ = {
			isa = PBXResourcesBuildPhase;
			buildActionMask = 2147483647;
			files = (
				38CAD42828C5BA2B00150BA6 /* Preview Assets.xcassets in Resources */,
				38CAD42528C5BA2B00150BA6 /* Assets.xcassets in Resources */,
			);
			runOnlyForDeploymentPostprocessing = 0;
		};
		38CAD42B28C5BA2B00150BA6 /* Resources */ = {
			isa = PBXResourcesBuildPhase;
			buildActionMask = 2147483647;
			files = (
			);
			runOnlyForDeploymentPostprocessing = 0;
		};
		38CAD43528C5BA2B00150BA6 /* Resources */ = {
			isa = PBXResourcesBuildPhase;
			buildActionMask = 2147483647;
			files = (
			);
			runOnlyForDeploymentPostprocessing = 0;
		};
/* End PBXResourcesBuildPhase section */

/* Begin PBXSourcesBuildPhase section */
		38CAD41928C5BA2800150BA6 /* Sources */ = {
			isa = PBXSourcesBuildPhase;
			buildActionMask = 2147483647;
			files = (
				38CAD45128C5CCF800150BA6 /* TestGlueInterface.swift in Sources */,
				38CAD42328C5BA2800150BA6 /* ContentView.swift in Sources */,
				38CAD42128C5BA2800150BA6 /* test_ios_appApp.swift in Sources */,
			);
			runOnlyForDeploymentPostprocessing = 0;
		};
		38CAD42928C5BA2B00150BA6 /* Sources */ = {
			isa = PBXSourcesBuildPhase;
			buildActionMask = 2147483647;
			files = (
			);
			runOnlyForDeploymentPostprocessing = 0;
		};
		38CAD43328C5BA2B00150BA6 /* Sources */ = {
			isa = PBXSourcesBuildPhase;
			buildActionMask = 2147483647;
			files = (
			);
			runOnlyForDeploymentPostprocessing = 0;
		};
/* End PBXSourcesBuildPhase section */

/* Begin PBXTargetDependency section */
		38CAD42F28C5BA2B00150BA6 /* PBXTargetDependency */ = {
			isa = PBXTargetDependency;
			target = 38CAD41C28C5BA2800150BA6 /* test-ios-app */;
			targetProxy = 38CAD42E28C5BA2B00150BA6 /* PBXContainerItemProxy */;
		};
		38CAD43928C5BA2B00150BA6 /* PBXTargetDependency */ = {
			isa = PBXTargetDependency;
			target = 38CAD41C28C5BA2800150BA6 /* test-ios-app */;
			targetProxy = 38CAD43828C5BA2B00150BA6 /* PBXContainerItemProxy */;
		};
/* End PBXTargetDependency section */

/* Begin XCBuildConfiguration section */
		38CAD43F28C5BA2B00150BA6 /* Debug */ = {
			isa = XCBuildConfiguration;
			buildSettings = {
				ALWAYS_SEARCH_USER_PATHS = NO;
				CLANG_ANALYZER_NONNULL = YES;
				CLANG_ANALYZER_NUMBER_OBJECT_CONVERSION = YES_AGGRESSIVE;
				CLANG_CXX_LANGUAGE_STANDARD = "gnu++17";
				CLANG_ENABLE_MODULES = YES;
				CLANG_ENABLE_OBJC_ARC = YES;
				CLANG_ENABLE_OBJC_WEAK = YES;
				CLANG_WARN_BLOCK_CAPTURE_AUTORELEASING = YES;
				CLANG_WARN_BOOL_CONVERSION = YES;
				CLANG_WARN_COMMA = YES;
				CLANG_WARN_CONSTANT_CONVERSION = YES;
				CLANG_WARN_DEPRECATED_OBJC_IMPLEMENTATIONS = YES;
				CLANG_WARN_DIRECT_OBJC_ISA_USAGE = YES_ERROR;
				CLANG_WARN_DOCUMENTATION_COMMENTS = YES;
				CLANG_WARN_EMPTY_BODY = YES;
				CLANG_WARN_ENUM_CONVERSION = YES;
				CLANG_WARN_INFINITE_RECURSION = YES;
				CLANG_WARN_INT_CONVERSION = YES;
				CLANG_WARN_NON_LITERAL_NULL_CONVERSION = YES;
				CLANG_WARN_OBJC_IMPLICIT_RETAIN_SELF = YES;
				CLANG_WARN_OBJC_LITERAL_CONVERSION = YES;
				CLANG_WARN_OBJC_ROOT_CLASS = YES_ERROR;
				CLANG_WARN_QUOTED_INCLUDE_IN_FRAMEWORK_HEADER = YES;
				CLANG_WARN_RANGE_LOOP_ANALYSIS = YES;
				CLANG_WARN_STRICT_PROTOTYPES = YES;
				CLANG_WARN_SUSPICIOUS_MOVE = YES;
				CLANG_WARN_UNGUARDED_AVAILABILITY = YES_AGGRESSIVE;
				CLANG_WARN_UNREACHABLE_CODE = YES;
				CLANG_WARN__DUPLICATE_METHOD_MATCH = YES;
				COPY_PHASE_STRIP = NO;
				DEBUG_INFORMATION_FORMAT = dwarf;
				ENABLE_STRICT_OBJC_MSGSEND = YES;
				ENABLE_TESTABILITY = YES;
				GCC_C_LANGUAGE_STANDARD = gnu11;
				GCC_DYNAMIC_NO_PIC = NO;
				GCC_NO_COMMON_BLOCKS = YES;
				GCC_OPTIMIZATION_LEVEL = 0;
				GCC_PREPROCESSOR_DEFINITIONS = (
					"DEBUG=1",
					"$(inherited)",
				);
				GCC_WARN_64_TO_32_BIT_CONVERSION = YES;
				GCC_WARN_ABOUT_RETURN_TYPE = YES_ERROR;
				GCC_WARN_UNDECLARED_SELECTOR = YES;
				GCC_WARN_UNINITIALIZED_AUTOS = YES_AGGRESSIVE;
				GCC_WARN_UNUSED_FUNCTION = YES;
				GCC_WARN_UNUSED_VARIABLE = YES;
				IPHONEOS_DEPLOYMENT_TARGET = 15.5;
				MTL_ENABLE_DEBUG_INFO = INCLUDE_SOURCE;
				MTL_FAST_MATH = YES;
				ONLY_ACTIVE_ARCH = YES;
				SDKROOT = iphoneos;
				SWIFT_ACTIVE_COMPILATION_CONDITIONS = DEBUG;
				SWIFT_OPTIMIZATION_LEVEL = "-Onone";
			};
			name = Debug;
		};
		38CAD44028C5BA2B00150BA6 /* Release */ = {
			isa = XCBuildConfiguration;
			buildSettings = {
				ALWAYS_SEARCH_USER_PATHS = NO;
				CLANG_ANALYZER_NONNULL = YES;
				CLANG_ANALYZER_NUMBER_OBJECT_CONVERSION = YES_AGGRESSIVE;
				CLANG_CXX_LANGUAGE_STANDARD = "gnu++17";
				CLANG_ENABLE_MODULES = YES;
				CLANG_ENABLE_OBJC_ARC = YES;
				CLANG_ENABLE_OBJC_WEAK = YES;
				CLANG_WARN_BLOCK_CAPTURE_AUTORELEASING = YES;
				CLANG_WARN_BOOL_CONVERSION = YES;
				CLANG_WARN_COMMA = YES;
				CLANG_WARN_CONSTANT_CONVERSION = YES;
				CLANG_WARN_DEPRECATED_OBJC_IMPLEMENTATIONS = YES;
				CLANG_WARN_DIRECT_OBJC_ISA_USAGE = YES_ERROR;
				CLANG_WARN_DOCUMENTATION_COMMENTS = YES;
				CLANG_WARN_EMPTY_BODY = YES;
				CLANG_WARN_ENUM_CONVERSION = YES;
				CLANG_WARN_INFINITE_RECURSION = YES;
				CLANG_WARN_INT_CONVERSION = YES;
				CLANG_WARN_NON_LITERAL_NULL_CONVERSION = YES;
				CLANG_WARN_OBJC_IMPLICIT_RETAIN_SELF = YES;
				CLANG_WARN_OBJC_LITERAL_CONVERSION = YES;
				CLANG_WARN_OBJC_ROOT_CLASS = YES_ERROR;
				CLANG_WARN_QUOTED_INCLUDE_IN_FRAMEWORK_HEADER = YES;
				CLANG_WARN_RANGE_LOOP_ANALYSIS = YES;
				CLANG_WARN_STRICT_PROTOTYPES = YES;
				CLANG_WARN_SUSPICIOUS_MOVE = YES;
				CLANG_WARN_UNGUARDED_AVAILABILITY = YES_AGGRESSIVE;
				CLANG_WARN_UNREACHABLE_CODE = YES;
				CLANG_WARN__DUPLICATE_METHOD_MATCH = YES;
				COPY_PHASE_STRIP = NO;
				DEBUG_INFORMATION_FORMAT = "dwarf-with-dsym";
				ENABLE_NS_ASSERTIONS = NO;
				ENABLE_STRICT_OBJC_MSGSEND = YES;
				GCC_C_LANGUAGE_STANDARD = gnu11;
				GCC_NO_COMMON_BLOCKS = YES;
				GCC_WARN_64_TO_32_BIT_CONVERSION = YES;
				GCC_WARN_ABOUT_RETURN_TYPE = YES_ERROR;
				GCC_WARN_UNDECLARED_SELECTOR = YES;
				GCC_WARN_UNINITIALIZED_AUTOS = YES_AGGRESSIVE;
				GCC_WARN_UNUSED_FUNCTION = YES;
				GCC_WARN_UNUSED_VARIABLE = YES;
				IPHONEOS_DEPLOYMENT_TARGET = 15.5;
				MTL_ENABLE_DEBUG_INFO = NO;
				MTL_FAST_MATH = YES;
				SDKROOT = iphoneos;
				SWIFT_COMPILATION_MODE = wholemodule;
				SWIFT_OPTIMIZATION_LEVEL = "-O";
				VALIDATE_PRODUCT = YES;
			};
			name = Release;
		};
		38CAD44228C5BA2B00150BA6 /* Debug */ = {
			isa = XCBuildConfiguration;
			buildSettings = {
				ASSETCATALOG_COMPILER_APPICON_NAME = AppIcon;
				ASSETCATALOG_COMPILER_GLOBAL_ACCENT_COLOR_NAME = AccentColor;
				CODE_SIGN_STYLE = Automatic;
				CURRENT_PROJECT_VERSION = 1;
				DEVELOPMENT_ASSET_PATHS = "\"test-ios-app/Preview Content\"";
				DEVELOPMENT_TEAM = X66SW5KC6C;
				ENABLE_PREVIEWS = YES;
				GENERATE_INFOPLIST_FILE = YES;
				INFOPLIST_KEY_UIApplicationSceneManifest_Generation = YES;
				INFOPLIST_KEY_UIApplicationSupportsIndirectInputEvents = YES;
				INFOPLIST_KEY_UILaunchScreen_Generation = YES;
				INFOPLIST_KEY_UISupportedInterfaceOrientations_iPad = "UIInterfaceOrientationPortrait UIInterfaceOrientationPortraitUpsideDown UIInterfaceOrientationLandscapeLeft UIInterfaceOrientationLandscapeRight";
				INFOPLIST_KEY_UISupportedInterfaceOrientations_iPhone = "UIInterfaceOrientationPortrait UIInterfaceOrientationLandscapeLeft UIInterfaceOrientationLandscapeRight";
				IPHONEOS_DEPLOYMENT_TARGET = 14.0;
				LD_RUNPATH_SEARCH_PATHS = (
					"$(inherited)",
					"@executable_path/Frameworks",
				);
				LIBRARY_SEARCH_PATHS = (
					"$(inherited)",
					"$(PROJECT_DIR)/testglue/target/target/debug",
				);
				MARKETING_VERSION = 1.0;
				PRODUCT_BUNDLE_IDENTIFIER = "in.rootnet.webbrowser.test-ios-app";
				PRODUCT_NAME = "$(TARGET_NAME)";
				SWIFT_EMIT_LOC_STRINGS = YES;
				SWIFT_OBJC_BRIDGING_HEADER = "$(PROJECT_DIR)/test-ios-app/Test-Glue-Header.h";
				SWIFT_VERSION = 5.0;
				TARGETED_DEVICE_FAMILY = 1;
			};
			name = Debug;
		};
		38CAD44328C5BA2B00150BA6 /* Release */ = {
			isa = XCBuildConfiguration;
			buildSettings = {
				ASSETCATALOG_COMPILER_APPICON_NAME = AppIcon;
				ASSETCATALOG_COMPILER_GLOBAL_ACCENT_COLOR_NAME = AccentColor;
				CODE_SIGN_STYLE = Automatic;
				CURRENT_PROJECT_VERSION = 1;
				DEVELOPMENT_ASSET_PATHS = "\"test-ios-app/Preview Content\"";
				DEVELOPMENT_TEAM = X66SW5KC6C;
				ENABLE_PREVIEWS = YES;
				GENERATE_INFOPLIST_FILE = YES;
				INFOPLIST_KEY_UIApplicationSceneManifest_Generation = YES;
				INFOPLIST_KEY_UIApplicationSupportsIndirectInputEvents = YES;
				INFOPLIST_KEY_UILaunchScreen_Generation = YES;
				INFOPLIST_KEY_UISupportedInterfaceOrientations_iPad = "UIInterfaceOrientationPortrait UIInterfaceOrientationPortraitUpsideDown UIInterfaceOrientationLandscapeLeft UIInterfaceOrientationLandscapeRight";
				INFOPLIST_KEY_UISupportedInterfaceOrientations_iPhone = "UIInterfaceOrientationPortrait UIInterfaceOrientationLandscapeLeft UIInterfaceOrientationLandscapeRight";
				IPHONEOS_DEPLOYMENT_TARGET = 14.0;
				LD_RUNPATH_SEARCH_PATHS = (
					"$(inherited)",
					"@executable_path/Frameworks",
				);
				LIBRARY_SEARCH_PATHS = (
					"$(inherited)",
					"$(PROJECT_DIR)/testglue/target/target/debug",
				);
				MARKETING_VERSION = 1.0;
				PRODUCT_BUNDLE_IDENTIFIER = "in.rootnet.webbrowser.test-ios-app";
				PRODUCT_NAME = "$(TARGET_NAME)";
				SWIFT_EMIT_LOC_STRINGS = YES;
				SWIFT_OBJC_BRIDGING_HEADER = "$(PROJECT_DIR)/test-ios-app/Test-Glue-Header.h";
				SWIFT_VERSION = 5.0;
				TARGETED_DEVICE_FAMILY = 1;
			};
			name = Release;
		};
		38CAD44528C5BA2B00150BA6 /* Debug */ = {
			isa = XCBuildConfiguration;
			buildSettings = {
				ALWAYS_EMBED_SWIFT_STANDARD_LIBRARIES = YES;
				BUNDLE_LOADER = "$(TEST_HOST)";
				CODE_SIGN_STYLE = Automatic;
				CURRENT_PROJECT_VERSION = 1;
				DEVELOPMENT_TEAM = X66SW5KC6C;
				GENERATE_INFOPLIST_FILE = YES;
				IPHONEOS_DEPLOYMENT_TARGET = 15.5;
				MARKETING_VERSION = 1.0;
				PRODUCT_BUNDLE_IDENTIFIER = "in.rootnet.webbrowser.test-ios-appTests";
				PRODUCT_NAME = "$(TARGET_NAME)";
				SWIFT_EMIT_LOC_STRINGS = NO;
				SWIFT_VERSION = 5.0;
				TARGETED_DEVICE_FAMILY = "1,2";
				TEST_HOST = "$(BUILT_PRODUCTS_DIR)/test-ios-app.app/test-ios-app";
			};
			name = Debug;
		};
		38CAD44628C5BA2B00150BA6 /* Release */ = {
			isa = XCBuildConfiguration;
			buildSettings = {
				ALWAYS_EMBED_SWIFT_STANDARD_LIBRARIES = YES;
				BUNDLE_LOADER = "$(TEST_HOST)";
				CODE_SIGN_STYLE = Automatic;
				CURRENT_PROJECT_VERSION = 1;
				DEVELOPMENT_TEAM = X66SW5KC6C;
				GENERATE_INFOPLIST_FILE = YES;
				IPHONEOS_DEPLOYMENT_TARGET = 15.5;
				MARKETING_VERSION = 1.0;
				PRODUCT_BUNDLE_IDENTIFIER = "in.rootnet.webbrowser.test-ios-appTests";
				PRODUCT_NAME = "$(TARGET_NAME)";
				SWIFT_EMIT_LOC_STRINGS = NO;
				SWIFT_VERSION = 5.0;
				TARGETED_DEVICE_FAMILY = "1,2";
				TEST_HOST = "$(BUILT_PRODUCTS_DIR)/test-ios-app.app/test-ios-app";
			};
			name = Release;
		};
		38CAD44828C5BA2B00150BA6 /* Debug */ = {
			isa = XCBuildConfiguration;
			buildSettings = {
				ALWAYS_EMBED_SWIFT_STANDARD_LIBRARIES = YES;
				CODE_SIGN_STYLE = Automatic;
				CURRENT_PROJECT_VERSION = 1;
				DEVELOPMENT_TEAM = X66SW5KC6C;
				GENERATE_INFOPLIST_FILE = YES;
				MARKETING_VERSION = 1.0;
				PRODUCT_BUNDLE_IDENTIFIER = "in.rootnet.webbrowser.test-ios-appUITests";
				PRODUCT_NAME = "$(TARGET_NAME)";
				SWIFT_EMIT_LOC_STRINGS = NO;
				SWIFT_VERSION = 5.0;
				TARGETED_DEVICE_FAMILY = "1,2";
				TEST_TARGET_NAME = "test-ios-app";
			};
			name = Debug;
		};
		38CAD44928C5BA2B00150BA6 /* Release */ = {
			isa = XCBuildConfiguration;
			buildSettings = {
				ALWAYS_EMBED_SWIFT_STANDARD_LIBRARIES = YES;
				CODE_SIGN_STYLE = Automatic;
				CURRENT_PROJECT_VERSION = 1;
				DEVELOPMENT_TEAM = X66SW5KC6C;
				GENERATE_INFOPLIST_FILE = YES;
				MARKETING_VERSION = 1.0;
				PRODUCT_BUNDLE_IDENTIFIER = "in.rootnet.webbrowser.test-ios-appUITests";
				PRODUCT_NAME = "$(TARGET_NAME)";
				SWIFT_EMIT_LOC_STRINGS = NO;
				SWIFT_VERSION = 5.0;
				TARGETED_DEVICE_FAMILY = "1,2";
				TEST_TARGET_NAME = "test-ios-app";
			};
			name = Release;
		};
/* End XCBuildConfiguration section */

/* Begin XCConfigurationList section */
		38CAD41828C5BA2800150BA6 /* Build configuration list for PBXProject "test-ios-app" */ = {
			isa = XCConfigurationList;
			buildConfigurations = (
				38CAD43F28C5BA2B00150BA6 /* Debug */,
				38CAD44028C5BA2B00150BA6 /* Release */,
			);
			defaultConfigurationIsVisible = 0;
			defaultConfigurationName = Release;
		};
		38CAD44128C5BA2B00150BA6 /* Build configuration list for PBXNativeTarget "test-ios-app" */ = {
			isa = XCConfigurationList;
			buildConfigurations = (
				38CAD44228C5BA2B00150BA6 /* Debug */,
				38CAD44328C5BA2B00150BA6 /* Release */,
			);
			defaultConfigurationIsVisible = 0;
			defaultConfigurationName = Release;
		};
		38CAD44428C5BA2B00150BA6 /* Build configuration list for PBXNativeTarget "test-ios-appTests" */ = {
			isa = XCConfigurationList;
			buildConfigurations = (
				38CAD44528C5BA2B00150BA6 /* Debug */,
				38CAD44628C5BA2B00150BA6 /* Release */,
			);
			defaultConfigurationIsVisible = 0;
			defaultConfigurationName = Release;
		};
		38CAD44728C5BA2B00150BA6 /* Build configuration list for PBXNativeTarget "test-ios-appUITests" */ = {
			isa = XCConfigurationList;
			buildConfigurations = (
				38CAD44828C5BA2B00150BA6 /* Debug */,
				38CAD44928C5BA2B00150BA6 /* Release */,
			);
			defaultConfigurationIsVisible = 0;
			defaultConfigurationName = Release;
		};
/* End XCConfigurationList section */
	};
	rootObject = 38CAD41528C5BA2800150BA6 /* Project object */;
}
